
Microsoft Visual Studio Solution File, Format Version 12.00
# Visual Studio Version 17
VisualStudioVersion = 17.8.34511.84
MinimumVisualStudioVersion = 10.0.40219.1
Project("{FAE04EC0-301F-11D3-BF4B-00C04F79EFBC}") = "RomPackMidi", "RomPackMidi\RomPackMidi.csproj", "{5465B3F2-6095-42E8-A8F7-65BB82FB44DB}"
EndProject
Global
	GlobalSection(SolutionConfigurationPlatforms) = preSolution
		Debug|Any CPU = Debug|Any CPU
		Release|Any CPU = Release|Any CPU
	EndGlobalSection
	GlobalSection(ProjectConfigurationPlatforms) = postSolution
		{5465B3F2-6095-42E8-A8F7-65BB82FB44DB}.Debug|Any CPU.ActiveCfg = Debug|Any CPU
		{5465B3F2-6095-42E8-A8F7-65BB82FB44DB}.Debug|Any CPU.Build.0 = Debug|Any CPU
		{5465B3F2-6095-42E8-A8F7-65BB82FB44DB}.Release|Any CPU.ActiveCfg = Release|Any CPU
		{5465B3F2-6095-42E8-A8F7-65BB82FB44DB}.Release|Any CPU.Build.0 = Release|Any CPU
	EndGlobalSection
	GlobalSection(SolutionProperties) = preSolution
		HideSolutionNode = FALSE
	EndGlobalSection
	GlobalSection(ExtensibilityGlobals) = postSolution
		SolutionGuid = {7534E5DF-5453-4D33-8B71-8833EEB20EE8}
	EndGlobalSection
EndGlobal
